
Microsoft Visual Studio Solution File, Format Version 12.00
# Visual Studio Version 17
VisualStudioVersion = 17.5.002.0
MinimumVisualStudioVersion = 10.0.40219.1
Project("{2150E333-8FDC-42A3-9474-1A3956D46DE8}") = "src", "src", "{EB2C0952-8931-4F91-9EE8-790EDF109E03}"
EndProject
Project("{2150E333-8FDC-42A3-9474-1A3956D46DE8}") = "apps", "apps", "{546B6058-3326-4569-854C-D14538229A9C}"
EndProject
Project("{9A19103F-16F7-4668-BE54-9A1E7A4F7556}") = "Simple.CartApi", "src\apps\Simple.CartApi\Simple.CartApi.csproj", "{8D582DF1-C378-433C-A2EE-C3C0ADA40603}"
EndProject
Project("{2150E333-8FDC-42A3-9474-1A3956D46DE8}") = "iac", "iac", "{A9208324-44C5-44D4-AD32-67A7BFA0B7A6}"
EndProject
Project("{2150E333-8FDC-42A3-9474-1A3956D46DE8}") = "aws", "aws", "{75D796DB-00EE-4D83-A83E-7D7D435D7237}"
EndProject
Project("{2150E333-8FDC-42A3-9474-1A3956D46DE8}") = "node_modules", "node_modules", "{679B0309-81B4-4AB1-A43D-5560E7916DE3}"
EndProject
Project("{2150E333-8FDC-42A3-9474-1A3956D46DE8}") = "aws-cdk", "aws-cdk", "{FD3A037D-0618-4531-A43C-BC54A3A63E8F}"
EndProject
Project("{2150E333-8FDC-42A3-9474-1A3956D46DE8}") = "lib", "lib", "{ADA997E1-68AC-48BB-B31E-DAB854811B50}"
EndProject
Project("{2150E333-8FDC-42A3-9474-1A3956D46DE8}") = "init-templates", "init-templates", "{334EC1D3-6B25-497A-BD9C-4AA3039426C3}"
EndProject
Project("{2150E333-8FDC-42A3-9474-1A3956D46DE8}") = "sample-app", "sample-app", "{4882E38F-3C21-4131-9D69-080E75AE5725}"
EndProject
Project("{2150E333-8FDC-42A3-9474-1A3956D46DE8}") = "csharp", "csharp", "{A8F28F08-033F-45F2-8E22-87A0DFE7DC88}"
EndProject
Project("{2150E333-8FDC-42A3-9474-1A3956D46DE8}") = "src", "src", "{496DF7F5-8E7B-4CE1-A58F-621FB948A14C}"
EndProject
Project("{9A19103F-16F7-4668-BE54-9A1E7A4F7556}") = "%name.PascalCased%.template", "src\iac\aws\node_modules\aws-cdk\lib\init-templates\sample-app\csharp\src\%name.PascalCased%\%name.PascalCased%.template.csproj", "{8487BDEE-8F42-4549-9F29-92B44768EFA9}"
EndProject
Project("{2150E333-8FDC-42A3-9474-1A3956D46DE8}") = "app", "app", "{2E7884DA-48DC-4A46-B6B6-E1E144E84326}"
EndProject
Project("{2150E333-8FDC-42A3-9474-1A3956D46DE8}") = "csharp", "csharp", "{DF0AAA7F-77C4-459B-BC25-5DD02B124FC7}"
EndProject
Project("{2150E333-8FDC-42A3-9474-1A3956D46DE8}") = "src", "src", "{BE280AC4-C679-4EF6-ABDD-DAA5A631CC73}"
EndProject
Project("{9A19103F-16F7-4668-BE54-9A1E7A4F7556}") = "%name.PascalCased%.template", "src\iac\aws\node_modules\aws-cdk\lib\init-templates\app\csharp\src\%name.PascalCased%\%name.PascalCased%.template.csproj", "{DF2E734B-58CE-46EF-B47C-5623226F1D0B}"
EndProject
Project("{FAE04EC0-301F-11D3-BF4B-00C04F79EFBC}") = "Simple.DeliveryApi", "src\apps\Simple.DeliveryApi\Simple.DeliveryApi.csproj", "{49FC6E87-B0D5-4F18-908F-E7256B553AB6}"
EndProject
Global
	GlobalSection(SolutionConfigurationPlatforms) = preSolution
		Debug|Any CPU = Debug|Any CPU
		Release|Any CPU = Release|Any CPU
	EndGlobalSection
	GlobalSection(ProjectConfigurationPlatforms) = postSolution
		{8D582DF1-C378-433C-A2EE-C3C0ADA40603}.Debug|Any CPU.ActiveCfg = Debug|Any CPU
		{8D582DF1-C378-433C-A2EE-C3C0ADA40603}.Debug|Any CPU.Build.0 = Debug|Any CPU
		{8D582DF1-C378-433C-A2EE-C3C0ADA40603}.Release|Any CPU.ActiveCfg = Release|Any CPU
		{8D582DF1-C378-433C-A2EE-C3C0ADA40603}.Release|Any CPU.Build.0 = Release|Any CPU
		{8487BDEE-8F42-4549-9F29-92B44768EFA9}.Debug|Any CPU.ActiveCfg = Debug|Any CPU
		{8487BDEE-8F42-4549-9F29-92B44768EFA9}.Debug|Any CPU.Build.0 = Debug|Any CPU
		{8487BDEE-8F42-4549-9F29-92B44768EFA9}.Release|Any CPU.ActiveCfg = Release|Any CPU
		{8487BDEE-8F42-4549-9F29-92B44768EFA9}.Release|Any CPU.Build.0 = Release|Any CPU
		{DF2E734B-58CE-46EF-B47C-5623226F1D0B}.Debug|Any CPU.ActiveCfg = Debug|Any CPU
		{DF2E734B-58CE-46EF-B47C-5623226F1D0B}.Debug|Any CPU.Build.0 = Debug|Any CPU
		{DF2E734B-58CE-46EF-B47C-5623226F1D0B}.Release|Any CPU.ActiveCfg = Release|Any CPU
		{DF2E734B-58CE-46EF-B47C-5623226F1D0B}.Release|Any CPU.Build.0 = Release|Any CPU
		{49FC6E87-B0D5-4F18-908F-E7256B553AB6}.Debug|Any CPU.ActiveCfg = Debug|Any CPU
		{49FC6E87-B0D5-4F18-908F-E7256B553AB6}.Debug|Any CPU.Build.0 = Debug|Any CPU
		{49FC6E87-B0D5-4F18-908F-E7256B553AB6}.Release|Any CPU.ActiveCfg = Release|Any CPU
		{49FC6E87-B0D5-4F18-908F-E7256B553AB6}.Release|Any CPU.Build.0 = Release|Any CPU
	EndGlobalSection
	GlobalSection(SolutionProperties) = preSolution
		HideSolutionNode = FALSE
	EndGlobalSection
	GlobalSection(NestedProjects) = preSolution
		{546B6058-3326-4569-854C-D14538229A9C} = {EB2C0952-8931-4F91-9EE8-790EDF109E03}
		{8D582DF1-C378-433C-A2EE-C3C0ADA40603} = {546B6058-3326-4569-854C-D14538229A9C}
		{A9208324-44C5-44D4-AD32-67A7BFA0B7A6} = {EB2C0952-8931-4F91-9EE8-790EDF109E03}
		{75D796DB-00EE-4D83-A83E-7D7D435D7237} = {A9208324-44C5-44D4-AD32-67A7BFA0B7A6}
		{679B0309-81B4-4AB1-A43D-5560E7916DE3} = {75D796DB-00EE-4D83-A83E-7D7D435D7237}
		{FD3A037D-0618-4531-A43C-BC54A3A63E8F} = {679B0309-81B4-4AB1-A43D-5560E7916DE3}
		{ADA997E1-68AC-48BB-B31E-DAB854811B50} = {FD3A037D-0618-4531-A43C-BC54A3A63E8F}
		{334EC1D3-6B25-497A-BD9C-4AA3039426C3} = {ADA997E1-68AC-48BB-B31E-DAB854811B50}
		{4882E38F-3C21-4131-9D69-080E75AE5725} = {334EC1D3-6B25-497A-BD9C-4AA3039426C3}
		{A8F28F08-033F-45F2-8E22-87A0DFE7DC88} = {4882E38F-3C21-4131-9D69-080E75AE5725}
		{496DF7F5-8E7B-4CE1-A58F-621FB948A14C} = {A8F28F08-033F-45F2-8E22-87A0DFE7DC88}
		{8487BDEE-8F42-4549-9F29-92B44768EFA9} = {496DF7F5-8E7B-4CE1-A58F-621FB948A14C}
		{2E7884DA-48DC-4A46-B6B6-E1E144E84326} = {334EC1D3-6B25-497A-BD9C-4AA3039426C3}
		{DF0AAA7F-77C4-459B-BC25-5DD02B124FC7} = {2E7884DA-48DC-4A46-B6B6-E1E144E84326}
		{BE280AC4-C679-4EF6-ABDD-DAA5A631CC73} = {DF0AAA7F-77C4-459B-BC25-5DD02B124FC7}
		{DF2E734B-58CE-46EF-B47C-5623226F1D0B} = {BE280AC4-C679-4EF6-ABDD-DAA5A631CC73}
		{49FC6E87-B0D5-4F18-908F-E7256B553AB6} = {546B6058-3326-4569-854C-D14538229A9C}
	EndGlobalSection
	GlobalSection(ExtensibilityGlobals) = postSolution
		SolutionGuid = {9829A729-2299-4C8E-9F9D-523EB3BBB0C6}
	EndGlobalSection
EndGlobal
